
Microsoft Visual Studio Solution File, Format Version 12.00
# Visual Studio Version 17
VisualStudioVersion = 17.0.31903.59
MinimumVisualStudioVersion = 10.0.40219.1
Project("{2150E333-8FDC-42A3-9474-1A3956D46DE8}") = "src", "src", "{827E0CD3-B72D-47B6-A68D-7590B98EB39B}"
EndProject
Project("{FAE04EC0-301F-11D3-BF4B-00C04F79EFBC}") = "InventoryFlow.Domain", "src\InventoryFlow.Domain\InventoryFlow.Domain.csproj", "{D6637A17-757E-4C0E-82A8-4080C183B775}"
EndProject
Project("{FAE04EC0-301F-11D3-BF4B-00C04F79EFBC}") = "InventoryFlow.Application", "src\InventoryFlow.Application\InventoryFlow.Application.csproj", "{3436993A-54EE-4E1C-A601-EDD2BEE33712}"
EndProject
Project("{FAE04EC0-301F-11D3-BF4B-00C04F79EFBC}") = "InventoryFlow.Infrastructure", "src\InventoryFlow.Infrastructure\InventoryFlow.Infrastructure.csproj", "{20CB6ECB-430E-4CD9-B392-C196CFD6D7AE}"
EndProject
Project("{FAE04EC0-301F-11D3-BF4B-00C04F79EFBC}") = "InventoryFlow.Shared", "src\InventoryFlow.Shared\InventoryFlow.Shared.csproj", "{526EF02F-24EE-49E0-AC41-0F7174C5B961}"
EndProject
Project("{FAE04EC0-301F-11D3-BF4B-00C04F79EFBC}") = "InventoryFlow.Api", "src\InventoryFlow.Api\InventoryFlow.Api.csproj", "{D0C3B3C5-8FA6-4B19-8BE9-CB2E3FBD6245}"
EndProject
Project("{FAE04EC0-301F-11D3-BF4B-00C04F79EFBC}") = "InventoryFlow.UnitTests", "tests\InventoryFlow.UnitTests\InventoryFlow.UnitTests.csproj", "{A1976E8B-EC99-4F3F-A5C1-7B196893A477}"
EndProject
Project("{FAE04EC0-301F-11D3-BF4B-00C04F79EFBC}") = "InventoryFlow.IntegrationTests", "tests\InventoryFlow.IntegrationTests\InventoryFlow.IntegrationTests.csproj", "{5C4062B2-3592-421D-B956-DACAB8F01B42}"
EndProject
Global
	GlobalSection(SolutionConfigurationPlatforms) = preSolution
		Debug|Any CPU = Debug|Any CPU
		Debug|x64 = Debug|x64
		Debug|x86 = Debug|x86
		Release|Any CPU = Release|Any CPU
		Release|x64 = Release|x64
		Release|x86 = Release|x86
	EndGlobalSection
	GlobalSection(ProjectConfigurationPlatforms) = postSolution
		{D6637A17-757E-4C0E-82A8-4080C183B775}.Debug|Any CPU.ActiveCfg = Debug|Any CPU
		{D6637A17-757E-4C0E-82A8-4080C183B775}.Debug|Any CPU.Build.0 = Debug|Any CPU
		{D6637A17-757E-4C0E-82A8-4080C183B775}.Debug|x64.ActiveCfg = Debug|Any CPU
		{D6637A17-757E-4C0E-82A8-4080C183B775}.Debug|x64.Build.0 = Debug|Any CPU
		{D6637A17-757E-4C0E-82A8-4080C183B775}.Debug|x86.ActiveCfg = Debug|Any CPU
		{D6637A17-757E-4C0E-82A8-4080C183B775}.Debug|x86.Build.0 = Debug|Any CPU
		{D6637A17-757E-4C0E-82A8-4080C183B775}.Release|Any CPU.ActiveCfg = Release|Any CPU
		{D6637A17-757E-4C0E-82A8-4080C183B775}.Release|Any CPU.Build.0 = Release|Any CPU
		{D6637A17-757E-4C0E-82A8-4080C183B775}.Release|x64.ActiveCfg = Release|Any CPU
		{D6637A17-757E-4C0E-82A8-4080C183B775}.Release|x64.Build.0 = Release|Any CPU
		{D6637A17-757E-4C0E-82A8-4080C183B775}.Release|x86.ActiveCfg = Release|Any CPU
		{D6637A17-757E-4C0E-82A8-4080C183B775}.Release|x86.Build.0 = Release|Any CPU
		{3436993A-54EE-4E1C-A601-EDD2BEE33712}.Debug|Any CPU.ActiveCfg = Debug|Any CPU
		{3436993A-54EE-4E1C-A601-EDD2BEE33712}.Debug|Any CPU.Build.0 = Debug|Any CPU
		{3436993A-54EE-4E1C-A601-EDD2BEE33712}.Debug|x64.ActiveCfg = Debug|Any CPU
		{3436993A-54EE-4E1C-A601-EDD2BEE33712}.Debug|x64.Build.0 = Debug|Any CPU
		{3436993A-54EE-4E1C-A601-EDD2BEE33712}.Debug|x86.ActiveCfg = Debug|Any CPU
		{3436993A-54EE-4E1C-A601-EDD2BEE33712}.Debug|x86.Build.0 = Debug|Any CPU
		{3436993A-54EE-4E1C-A601-EDD2BEE33712}.Release|Any CPU.ActiveCfg = Release|Any CPU
		{3436993A-54EE-4E1C-A601-EDD2BEE33712}.Release|Any CPU.Build.0 = Release|Any CPU
		{3436993A-54EE-4E1C-A601-EDD2BEE33712}.Release|x64.ActiveCfg = Release|Any CPU
		{3436993A-54EE-4E1C-A601-EDD2BEE33712}.Release|x64.Build.0 = Release|Any CPU
		{3436993A-54EE-4E1C-A601-EDD2BEE33712}.Release|x86.ActiveCfg = Release|Any CPU
		{3436993A-54EE-4E1C-A601-EDD2BEE33712}.Release|x86.Build.0 = Release|Any CPU
		{20CB6ECB-430E-4CD9-B392-C196CFD6D7AE}.Debug|Any CPU.ActiveCfg = Debug|Any CPU
		{20CB6ECB-430E-4CD9-B392-C196CFD6D7AE}.Debug|Any CPU.Build.0 = Debug|Any CPU
		{20CB6ECB-430E-4CD9-B392-C196CFD6D7AE}.Debug|x64.ActiveCfg = Debug|Any CPU
		{20CB6ECB-430E-4CD9-B392-C196CFD6D7AE}.Debug|x64.Build.0 = Debug|Any CPU
		{20CB6ECB-430E-4CD9-B392-C196CFD6D7AE}.Debug|x86.ActiveCfg = Debug|Any CPU
		{20CB6ECB-430E-4CD9-B392-C196CFD6D7AE}.Debug|x86.Build.0 = Debug|Any CPU
		{20CB6ECB-430E-4CD9-B392-C196CFD6D7AE}.Release|Any CPU.ActiveCfg = Release|Any CPU
		{20CB6ECB-430E-4CD9-B392-C196CFD6D7AE}.Release|Any CPU.Build.0 = Release|Any CPU
		{20CB6ECB-430E-4CD9-B392-C196CFD6D7AE}.Release|x64.ActiveCfg = Release|Any CPU
		{20CB6ECB-430E-4CD9-B392-C196CFD6D7AE}.Release|x64.Build.0 = Release|Any CPU
		{20CB6ECB-430E-4CD9-B392-C196CFD6D7AE}.Release|x86.ActiveCfg = Release|Any CPU
		{20CB6ECB-430E-4CD9-B392-C196CFD6D7AE}.Release|x86.Build.0 = Release|Any CPU
		{526EF02F-24EE-49E0-AC41-0F7174C5B961}.Debug|Any CPU.ActiveCfg = Debug|Any CPU
		{526EF02F-24EE-49E0-AC41-0F7174C5B961}.Debug|Any CPU.Build.0 = Debug|Any CPU
		{526EF02F-24EE-49E0-AC41-0F7174C5B961}.Debug|x64.ActiveCfg = Debug|Any CPU
		{526EF02F-24EE-49E0-AC41-0F7174C5B961}.Debug|x64.Build.0 = Debug|Any CPU
		{526EF02F-24EE-49E0-AC41-0F7174C5B961}.Debug|x86.ActiveCfg = Debug|Any CPU
		{526EF02F-24EE-49E0-AC41-0F7174C5B961}.Debug|x86.Build.0 = Debug|Any CPU
		{526EF02F-24EE-49E0-AC41-0F7174C5B961}.Release|Any CPU.ActiveCfg = Release|Any CPU
		{526EF02F-24EE-49E0-AC41-0F7174C5B961}.Release|Any CPU.Build.0 = Release|Any CPU
		{526EF02F-24EE-49E0-AC41-0F7174C5B961}.Release|x64.ActiveCfg = Release|Any CPU
		{526EF02F-24EE-49E0-AC41-0F7174C5B961}.Release|x64.Build.0 = Release|Any CPU
		{526EF02F-24EE-49E0-AC41-0F7174C5B961}.Release|x86.ActiveCfg = Release|Any CPU
		{526EF02F-24EE-49E0-AC41-0F7174C5B961}.Release|x86.Build.0 = Release|Any CPU
		{D0C3B3C5-8FA6-4B19-8BE9-CB2E3FBD6245}.Debug|Any CPU.ActiveCfg = Debug|Any CPU
		{D0C3B3C5-8FA6-4B19-8BE9-CB2E3FBD6245}.Debug|Any CPU.Build.0 = Debug|Any CPU
		{D0C3B3C5-8FA6-4B19-8BE9-CB2E3FBD6245}.Debug|x64.ActiveCfg = Debug|Any CPU
		{D0C3B3C5-8FA6-4B19-8BE9-CB2E3FBD6245}.Debug|x64.Build.0 = Debug|Any CPU
		{D0C3B3C5-8FA6-4B19-8BE9-CB2E3FBD6245}.Debug|x86.ActiveCfg = Debug|Any CPU
		{D0C3B3C5-8FA6-4B19-8BE9-CB2E3FBD6245}.Debug|x86.Build.0 = Debug|Any CPU
		{D0C3B3C5-8FA6-4B19-8BE9-CB2E3FBD6245}.Release|Any CPU.ActiveCfg = Release|Any CPU
		{D0C3B3C5-8FA6-4B19-8BE9-CB2E3FBD6245}.Release|Any CPU.Build.0 = Release|Any CPU
		{D0C3B3C5-8FA6-4B19-8BE9-CB2E3FBD6245}.Release|x64.ActiveCfg = Release|Any CPU
		{D0C3B3C5-8FA6-4B19-8BE9-CB2E3FBD6245}.Release|x64.Build.0 = Release|Any CPU
		{D0C3B3C5-8FA6-4B19-8BE9-CB2E3FBD6245}.Release|x86.ActiveCfg = Release|Any CPU
		{D0C3B3C5-8FA6-4B19-8BE9-CB2E3FBD6245}.Release|x86.Build.0 = Release|Any CPU
		{A1976E8B-EC99-4F3F-A5C1-7B196893A477}.Debug|Any CPU.ActiveCfg = Debug|Any CPU
		{A1976E8B-EC99-4F3F-A5C1-7B196893A477}.Debug|Any CPU.Build.0 = Debug|Any CPU
		{A1976E8B-EC99-4F3F-A5C1-7B196893A477}.Debug|x64.ActiveCfg = Debug|Any CPU
		{A1976E8B-EC99-4F3F-A5C1-7B196893A477}.Debug|x64.Build.0 = Debug|Any CPU
		{A1976E8B-EC99-4F3F-A5C1-7B196893A477}.Debug|x86.ActiveCfg = Debug|Any CPU
		{A1976E8B-EC99-4F3F-A5C1-7B196893A477}.Debug|x86.Build.0 = Debug|Any CPU
		{A1976E8B-EC99-4F3F-A5C1-7B196893A477}.Release|Any CPU.ActiveCfg = Release|Any CPU
		{A1976E8B-EC99-4F3F-A5C1-7B196893A477}.Release|Any CPU.Build.0 = Release|Any CPU
		{A1976E8B-EC99-4F3F-A5C1-7B196893A477}.Release|x64.ActiveCfg = Release|Any CPU
		{A1976E8B-EC99-4F3F-A5C1-7B196893A477}.Release|x64.Build.0 = Release|Any CPU
		{A1976E8B-EC99-4F3F-A5C1-7B196893A477}.Release|x86.ActiveCfg = Release|Any CPU
		{A1976E8B-EC99-4F3F-A5C1-7B196893A477}.Release|x86.Build.0 = Release|Any CPU
		{5C4062B2-3592-421D-B956-DACAB8F01B42}.Debug|Any CPU.ActiveCfg = Debug|Any CPU
		{5C4062B2-3592-421D-B956-DACAB8F01B42}.Debug|Any CPU.Build.0 = Debug|Any CPU
		{5C4062B2-3592-421D-B956-DACAB8F01B42}.Debug|x64.ActiveCfg = Debug|Any CPU
		{5C4062B2-3592-421D-B956-DACAB8F01B42}.Debug|x64.Build.0 = Debug|Any CPU
		{5C4062B2-3592-421D-B956-DACAB8F01B42}.Debug|x86.ActiveCfg = Debug|Any CPU
		{5C4062B2-3592-421D-B956-DACAB8F01B42}.Debug|x86.Build.0 = Debug|Any CPU
		{5C4062B2-3592-421D-B956-DACAB8F01B42}.Release|Any CPU.ActiveCfg = Release|Any CPU
		{5C4062B2-3592-421D-B956-DACAB8F01B42}.Release|Any CPU.Build.0 = Release|Any CPU
		{5C4062B2-3592-421D-B956-DACAB8F01B42}.Release|x64.ActiveCfg = Release|Any CPU
		{5C4062B2-3592-421D-B956-DACAB8F01B42}.Release|x64.Build.0 = Release|Any CPU
		{5C4062B2-3592-421D-B956-DACAB8F01B42}.Release|x86.ActiveCfg = Release|Any CPU
		{5C4062B2-3592-421D-B956-DACAB8F01B42}.Release|x86.Build.0 = Release|Any CPU
	EndGlobalSection
	GlobalSection(SolutionProperties) = preSolution
		HideSolutionNode = FALSE
	EndGlobalSection
	GlobalSection(NestedProjects) = preSolution
		{D6637A17-757E-4C0E-82A8-4080C183B775} = {827E0CD3-B72D-47B6-A68D-7590B98EB39B}
		{3436993A-54EE-4E1C-A601-EDD2BEE33712} = {827E0CD3-B72D-47B6-A68D-7590B98EB39B}
		{20CB6ECB-430E-4CD9-B392-C196CFD6D7AE} = {827E0CD3-B72D-47B6-A68D-7590B98EB39B}
		{526EF02F-24EE-49E0-AC41-0F7174C5B961} = {827E0CD3-B72D-47B6-A68D-7590B98EB39B}
		{D0C3B3C5-8FA6-4B19-8BE9-CB2E3FBD6245} = {827E0CD3-B72D-47B6-A68D-7590B98EB39B}
		{A1976E8B-EC99-4F3F-A5C1-7B196893A477} = {827E0CD3-B72D-47B6-A68D-7590B98EB39B}
		{5C4062B2-3592-421D-B956-DACAB8F01B42} = {827E0CD3-B72D-47B6-A68D-7590B98EB39B}
	EndGlobalSection
EndGlobal
